
Microsoft Visual Studio Solution File, Format Version 12.00
# Visual Studio 15
VisualStudioVersion = 15.0.28010.2036
MinimumVisualStudioVersion = 10.0.40219.1
Project("{E24C65DC-7377-472B-9ABA-BC803B73C61A}") = "Hurtownia", "Hurtownia\", "{EB547A94-5AD0-479B-BA5E-ED4B5D3FA09E}"
	ProjectSection(WebsiteProperties) = preProject
		TargetFrameworkMoniker = ".NETFramework,Version%3Dv4.6.1"
		Debug.AspNetCompiler.VirtualPath = "/localhost_64224"
		Debug.AspNetCompiler.PhysicalPath = "Hurtownia\"
		Debug.AspNetCompiler.TargetPath = "PrecompiledWeb\localhost_64224\"
		Debug.AspNetCompiler.Updateable = "true"
		Debug.AspNetCompiler.ForceOverwrite = "true"
		Debug.AspNetCompiler.FixedNames = "false"
		Debug.AspNetCompiler.Debug = "True"
		Release.AspNetCompiler.VirtualPath = "/localhost_64224"
		Release.AspNetCompiler.PhysicalPath = "Hurtownia\"
		Release.AspNetCompiler.TargetPath = "PrecompiledWeb\localhost_64224\"
		Release.AspNetCompiler.Updateable = "true"
		Release.AspNetCompiler.ForceOverwrite = "true"
		Release.AspNetCompiler.FixedNames = "false"
		Release.AspNetCompiler.Debug = "False"
		VWDPort = "64224"
		SlnRelativePath = "Hurtownia\"
		DefaultWebSiteLanguage = "Visual C#"
	EndProjectSection
EndProject
Global
	GlobalSection(SolutionConfigurationPlatforms) = preSolution
		Debug|Any CPU = Debug|Any CPU
	EndGlobalSection
	GlobalSection(ProjectConfigurationPlatforms) = postSolution
		{EB547A94-5AD0-479B-BA5E-ED4B5D3FA09E}.Debug|Any CPU.ActiveCfg = Debug|Any CPU
		{EB547A94-5AD0-479B-BA5E-ED4B5D3FA09E}.Debug|Any CPU.Build.0 = Debug|Any CPU
	EndGlobalSection
	GlobalSection(SolutionProperties) = preSolution
		HideSolutionNode = FALSE
	EndGlobalSection
	GlobalSection(ExtensibilityGlobals) = postSolution
		SolutionGuid = {0E002049-7A9D-4D3B-A3BB-76EB5A4197C2}
	EndGlobalSection
EndGlobal
